
Microsoft Visual Studio Solution File, Format Version 12.00
# Visual Studio 15
VisualStudioVersion = 15.0.27130.2020
MinimumVisualStudioVersion = 10.0.40219.1
Project("{8BC9CEB8-8B4A-11D0-8D11-00A0C91BC942}") = "PhongShading", "PhongShading\PhongShading.vcxproj", "{F85FEE2B-C4B7-426E-98A1-B390FF580E83}"
EndProject
Project("{8BC9CEB8-8B4A-11D0-8D11-00A0C91BC942}") = "GouraudShading", "GouraudShading\GouraudShading.vcxproj", "{364B17B2-1C8B-403B-92F0-64B0532D3BC6}"
EndProject
Project("{8BC9CEB8-8B4A-11D0-8D11-00A0C91BC942}") = "FlatShading", "FlatShading\FlatShading.vcxproj", "{5141A3C0-5DCF-4162-826E-880740F1B3A6}"
EndProject
Project("{8BC9CEB8-8B4A-11D0-8D11-00A0C91BC942}") = "CustomInterpolation", "CustomInterpolation\CustomInterpolation.vcxproj", "{E12727FC-D1B8-424A-BD5E-940D14962A9C}"
EndProject
Project("{8BC9CEB8-8B4A-11D0-8D11-00A0C91BC942}") = "NoInterpolation", "NoInterpolation\NoInterpolation.vcxproj", "{AA29303B-A555-428B-9BEF-51C38C6D52F3}"
EndProject
Project("{8BC9CEB8-8B4A-11D0-8D11-00A0C91BC942}") = "PhongShading2", "PhongShading2\PhongShading2.vcxproj", "{57D984E9-C878-4072-BF55-A088277E62E9}"
EndProject
Project("{8BC9CEB8-8B4A-11D0-8D11-00A0C91BC942}") = "RotateCamera", "RotateCamera\RotateCamera.vcxproj", "{01D82E5F-6B89-4D42-9C61-17216449F6FC}"
EndProject
Global
	GlobalSection(SolutionConfigurationPlatforms) = preSolution
		Debug|x64 = Debug|x64
		Debug|x86 = Debug|x86
		Release|x64 = Release|x64
		Release|x86 = Release|x86
	EndGlobalSection
	GlobalSection(ProjectConfigurationPlatforms) = postSolution
		{F85FEE2B-C4B7-426E-98A1-B390FF580E83}.Debug|x64.ActiveCfg = Debug|x64
		{F85FEE2B-C4B7-426E-98A1-B390FF580E83}.Debug|x64.Build.0 = Debug|x64
		{F85FEE2B-C4B7-426E-98A1-B390FF580E83}.Debug|x86.ActiveCfg = Debug|Win32
		{F85FEE2B-C4B7-426E-98A1-B390FF580E83}.Debug|x86.Build.0 = Debug|Win32
		{F85FEE2B-C4B7-426E-98A1-B390FF580E83}.Release|x64.ActiveCfg = Release|x64
		{F85FEE2B-C4B7-426E-98A1-B390FF580E83}.Release|x64.Build.0 = Release|x64
		{F85FEE2B-C4B7-426E-98A1-B390FF580E83}.Release|x86.ActiveCfg = Release|Win32
		{F85FEE2B-C4B7-426E-98A1-B390FF580E83}.Release|x86.Build.0 = Release|Win32
		{364B17B2-1C8B-403B-92F0-64B0532D3BC6}.Debug|x64.ActiveCfg = Debug|x64
		{364B17B2-1C8B-403B-92F0-64B0532D3BC6}.Debug|x64.Build.0 = Debug|x64
		{364B17B2-1C8B-403B-92F0-64B0532D3BC6}.Debug|x86.ActiveCfg = Debug|Win32
		{364B17B2-1C8B-403B-92F0-64B0532D3BC6}.Debug|x86.Build.0 = Debug|Win32
		{364B17B2-1C8B-403B-92F0-64B0532D3BC6}.Release|x64.ActiveCfg = Release|x64
		{364B17B2-1C8B-403B-92F0-64B0532D3BC6}.Release|x64.Build.0 = Release|x64
		{364B17B2-1C8B-403B-92F0-64B0532D3BC6}.Release|x86.ActiveCfg = Release|Win32
		{364B17B2-1C8B-403B-92F0-64B0532D3BC6}.Release|x86.Build.0 = Release|Win32
		{5141A3C0-5DCF-4162-826E-880740F1B3A6}.Debug|x64.ActiveCfg = Debug|x64
		{5141A3C0-5DCF-4162-826E-880740F1B3A6}.Debug|x64.Build.0 = Debug|x64
		{5141A3C0-5DCF-4162-826E-880740F1B3A6}.Debug|x86.ActiveCfg = Debug|Win32
		{5141A3C0-5DCF-4162-826E-880740F1B3A6}.Debug|x86.Build.0 = Debug|Win32
		{5141A3C0-5DCF-4162-826E-880740F1B3A6}.Release|x64.ActiveCfg = Release|x64
		{5141A3C0-5DCF-4162-826E-880740F1B3A6}.Release|x64.Build.0 = Release|x64
		{5141A3C0-5DCF-4162-826E-880740F1B3A6}.Release|x86.ActiveCfg = Release|Win32
		{5141A3C0-5DCF-4162-826E-880740F1B3A6}.Release|x86.Build.0 = Release|Win32
		{E12727FC-D1B8-424A-BD5E-940D14962A9C}.Debug|x64.ActiveCfg = Debug|x64
		{E12727FC-D1B8-424A-BD5E-940D14962A9C}.Debug|x64.Build.0 = Debug|x64
		{E12727FC-D1B8-424A-BD5E-940D14962A9C}.Debug|x86.ActiveCfg = Debug|Win32
		{E12727FC-D1B8-424A-BD5E-940D14962A9C}.Debug|x86.Build.0 = Debug|Win32
		{E12727FC-D1B8-424A-BD5E-940D14962A9C}.Release|x64.ActiveCfg = Release|x64
		{E12727FC-D1B8-424A-BD5E-940D14962A9C}.Release|x64.Build.0 = Release|x64
		{E12727FC-D1B8-424A-BD5E-940D14962A9C}.Release|x86.ActiveCfg = Release|Win32
		{E12727FC-D1B8-424A-BD5E-940D14962A9C}.Release|x86.Build.0 = Release|Win32
		{AA29303B-A555-428B-9BEF-51C38C6D52F3}.Debug|x64.ActiveCfg = Debug|x64
		{AA29303B-A555-428B-9BEF-51C38C6D52F3}.Debug|x64.Build.0 = Debug|x64
		{AA29303B-A555-428B-9BEF-51C38C6D52F3}.Debug|x86.ActiveCfg = Debug|Win32
		{AA29303B-A555-428B-9BEF-51C38C6D52F3}.Debug|x86.Build.0 = Debug|Win32
		{AA29303B-A555-428B-9BEF-51C38C6D52F3}.Release|x64.ActiveCfg = Release|x64
		{AA29303B-A555-428B-9BEF-51C38C6D52F3}.Release|x64.Build.0 = Release|x64
		{AA29303B-A555-428B-9BEF-51C38C6D52F3}.Release|x86.ActiveCfg = Release|Win32
		{AA29303B-A555-428B-9BEF-51C38C6D52F3}.Release|x86.Build.0 = Release|Win32
		{57D984E9-C878-4072-BF55-A088277E62E9}.Debug|x64.ActiveCfg = Debug|x64
		{57D984E9-C878-4072-BF55-A088277E62E9}.Debug|x64.Build.0 = Debug|x64
		{57D984E9-C878-4072-BF55-A088277E62E9}.Debug|x86.ActiveCfg = Debug|Win32
		{57D984E9-C878-4072-BF55-A088277E62E9}.Debug|x86.Build.0 = Debug|Win32
		{57D984E9-C878-4072-BF55-A088277E62E9}.Release|x64.ActiveCfg = Release|x64
		{57D984E9-C878-4072-BF55-A088277E62E9}.Release|x64.Build.0 = Release|x64
		{57D984E9-C878-4072-BF55-A088277E62E9}.Release|x86.ActiveCfg = Release|Win32
		{57D984E9-C878-4072-BF55-A088277E62E9}.Release|x86.Build.0 = Release|Win32
		{01D82E5F-6B89-4D42-9C61-17216449F6FC}.Debug|x64.ActiveCfg = Debug|x64
		{01D82E5F-6B89-4D42-9C61-17216449F6FC}.Debug|x64.Build.0 = Debug|x64
		{01D82E5F-6B89-4D42-9C61-17216449F6FC}.Debug|x86.ActiveCfg = Debug|Win32
		{01D82E5F-6B89-4D42-9C61-17216449F6FC}.Debug|x86.Build.0 = Debug|Win32
		{01D82E5F-6B89-4D42-9C61-17216449F6FC}.Release|x64.ActiveCfg = Release|x64
		{01D82E5F-6B89-4D42-9C61-17216449F6FC}.Release|x64.Build.0 = Release|x64
		{01D82E5F-6B89-4D42-9C61-17216449F6FC}.Release|x86.ActiveCfg = Release|Win32
		{01D82E5F-6B89-4D42-9C61-17216449F6FC}.Release|x86.Build.0 = Release|Win32
	EndGlobalSection
	GlobalSection(SolutionProperties) = preSolution
		HideSolutionNode = FALSE
	EndGlobalSection
	GlobalSection(ExtensibilityGlobals) = postSolution
		SolutionGuid = {E913DA5F-345B-4DCD-848E-45AD78F5E491}
	EndGlobalSection
EndGlobal
